
Microsoft Visual Studio Solution File, Format Version 12.00
# Visual Studio Version 16
VisualStudioVersion = 16.0.30225.117
MinimumVisualStudioVersion = 10.0.40219.1
Project("{FAE04EC0-301F-11D3-BF4B-00C04F79EFBC}") = "GarudaHacks.UWP", "GarudaHacks\GarudaHacks.UWP\GarudaHacks.UWP.csproj", "{FEE82C4F-EB80-4CC4-B175-49B849BC7436}"
EndProject
Project("{FAE04EC0-301F-11D3-BF4B-00C04F79EFBC}") = "GarudaHacks.Android", "GarudaHacks\GarudaHacks.Android\GarudaHacks.Android.csproj", "{00C48694-D112-47BE-B11C-4DA84E38E4B7}"
EndProject
Project("{FAE04EC0-301F-11D3-BF4B-00C04F79EFBC}") = "GarudaHacks.iOS", "GarudaHacks\GarudaHacks.iOS\GarudaHacks.iOS.csproj", "{8024EA52-0676-493C-ABA2-065B98BCECEA}"
EndProject
Project("{FAE04EC0-301F-11D3-BF4B-00C04F79EFBC}") = "GarudaHacks", "GarudaHacks\GarudaHacks\GarudaHacks.csproj", "{66D0E395-D85D-447D-A6D1-47D677C1343A}"
EndProject
Global
	GlobalSection(SolutionConfigurationPlatforms) = preSolution
		Debug|Any CPU = Debug|Any CPU
		Debug|ARM = Debug|ARM
		Debug|iPhone = Debug|iPhone
		Debug|iPhoneSimulator = Debug|iPhoneSimulator
		Debug|x64 = Debug|x64
		Debug|x86 = Debug|x86
		Release|Any CPU = Release|Any CPU
		Release|ARM = Release|ARM
		Release|iPhone = Release|iPhone
		Release|iPhoneSimulator = Release|iPhoneSimulator
		Release|x64 = Release|x64
		Release|x86 = Release|x86
	EndGlobalSection
	GlobalSection(ProjectConfigurationPlatforms) = postSolution
		{FEE82C4F-EB80-4CC4-B175-49B849BC7436}.Debug|Any CPU.ActiveCfg = Debug|x86
		{FEE82C4F-EB80-4CC4-B175-49B849BC7436}.Debug|Any CPU.Build.0 = Debug|x86
		{FEE82C4F-EB80-4CC4-B175-49B849BC7436}.Debug|Any CPU.Deploy.0 = Debug|x86
		{FEE82C4F-EB80-4CC4-B175-49B849BC7436}.Debug|ARM.ActiveCfg = Debug|ARM
		{FEE82C4F-EB80-4CC4-B175-49B849BC7436}.Debug|ARM.Build.0 = Debug|ARM
		{FEE82C4F-EB80-4CC4-B175-49B849BC7436}.Debug|ARM.Deploy.0 = Debug|ARM
		{FEE82C4F-EB80-4CC4-B175-49B849BC7436}.Debug|iPhone.ActiveCfg = Debug|x86
		{FEE82C4F-EB80-4CC4-B175-49B849BC7436}.Debug|iPhone.Build.0 = Debug|x86
		{FEE82C4F-EB80-4CC4-B175-49B849BC7436}.Debug|iPhone.Deploy.0 = Debug|x86
		{FEE82C4F-EB80-4CC4-B175-49B849BC7436}.Debug|iPhoneSimulator.ActiveCfg = Debug|x86
		{FEE82C4F-EB80-4CC4-B175-49B849BC7436}.Debug|iPhoneSimulator.Build.0 = Debug|x86
		{FEE82C4F-EB80-4CC4-B175-49B849BC7436}.Debug|iPhoneSimulator.Deploy.0 = Debug|x86
		{FEE82C4F-EB80-4CC4-B175-49B849BC7436}.Debug|x64.ActiveCfg = Debug|x64
		{FEE82C4F-EB80-4CC4-B175-49B849BC7436}.Debug|x64.Build.0 = Debug|x64
		{FEE82C4F-EB80-4CC4-B175-49B849BC7436}.Debug|x64.Deploy.0 = Debug|x64
		{FEE82C4F-EB80-4CC4-B175-49B849BC7436}.Debug|x86.ActiveCfg = Debug|x86
		{FEE82C4F-EB80-4CC4-B175-49B849BC7436}.Debug|x86.Build.0 = Debug|x86
		{FEE82C4F-EB80-4CC4-B175-49B849BC7436}.Debug|x86.Deploy.0 = Debug|x86
		{FEE82C4F-EB80-4CC4-B175-49B849BC7436}.Release|Any CPU.ActiveCfg = Release|x86
		{FEE82C4F-EB80-4CC4-B175-49B849BC7436}.Release|Any CPU.Build.0 = Release|x86
		{FEE82C4F-EB80-4CC4-B175-49B849BC7436}.Release|Any CPU.Deploy.0 = Release|x86
		{FEE82C4F-EB80-4CC4-B175-49B849BC7436}.Release|ARM.ActiveCfg = Release|ARM
		{FEE82C4F-EB80-4CC4-B175-49B849BC7436}.Release|ARM.Build.0 = Release|ARM
		{FEE82C4F-EB80-4CC4-B175-49B849BC7436}.Release|ARM.Deploy.0 = Release|ARM
		{FEE82C4F-EB80-4CC4-B175-49B849BC7436}.Release|iPhone.ActiveCfg = Release|x86
		{FEE82C4F-EB80-4CC4-B175-49B849BC7436}.Release|iPhone.Build.0 = Release|x86
		{FEE82C4F-EB80-4CC4-B175-49B849BC7436}.Release|iPhone.Deploy.0 = Release|x86
		{FEE82C4F-EB80-4CC4-B175-49B849BC7436}.Release|iPhoneSimulator.ActiveCfg = Release|x86
		{FEE82C4F-EB80-4CC4-B175-49B849BC7436}.Release|iPhoneSimulator.Build.0 = Release|x86
		{FEE82C4F-EB80-4CC4-B175-49B849BC7436}.Release|iPhoneSimulator.Deploy.0 = Release|x86
		{FEE82C4F-EB80-4CC4-B175-49B849BC7436}.Release|x64.ActiveCfg = Release|x64
		{FEE82C4F-EB80-4CC4-B175-49B849BC7436}.Release|x64.Build.0 = Release|x64
		{FEE82C4F-EB80-4CC4-B175-49B849BC7436}.Release|x64.Deploy.0 = Release|x64
		{FEE82C4F-EB80-4CC4-B175-49B849BC7436}.Release|x86.ActiveCfg = Release|x86
		{FEE82C4F-EB80-4CC4-B175-49B849BC7436}.Release|x86.Build.0 = Release|x86
		{FEE82C4F-EB80-4CC4-B175-49B849BC7436}.Release|x86.Deploy.0 = Release|x86
		{00C48694-D112-47BE-B11C-4DA84E38E4B7}.Debug|Any CPU.ActiveCfg = Debug|Any CPU
		{00C48694-D112-47BE-B11C-4DA84E38E4B7}.Debug|Any CPU.Build.0 = Debug|Any CPU
		{00C48694-D112-47BE-B11C-4DA84E38E4B7}.Debug|Any CPU.Deploy.0 = Debug|Any CPU
		{00C48694-D112-47BE-B11C-4DA84E38E4B7}.Debug|ARM.ActiveCfg = Debug|Any CPU
		{00C48694-D112-47BE-B11C-4DA84E38E4B7}.Debug|ARM.Build.0 = Debug|Any CPU
		{00C48694-D112-47BE-B11C-4DA84E38E4B7}.Debug|ARM.Deploy.0 = Debug|Any CPU
		{00C48694-D112-47BE-B11C-4DA84E38E4B7}.Debug|iPhone.ActiveCfg = Debug|Any CPU
		{00C48694-D112-47BE-B11C-4DA84E38E4B7}.Debug|iPhone.Build.0 = Debug|Any CPU
		{00C48694-D112-47BE-B11C-4DA84E38E4B7}.Debug|iPhone.Deploy.0 = Debug|Any CPU
		{00C48694-D112-47BE-B11C-4DA84E38E4B7}.Debug|iPhoneSimulator.ActiveCfg = Debug|Any CPU
		{00C48694-D112-47BE-B11C-4DA84E38E4B7}.Debug|iPhoneSimulator.Build.0 = Debug|Any CPU
		{00C48694-D112-47BE-B11C-4DA84E38E4B7}.Debug|iPhoneSimulator.Deploy.0 = Debug|Any CPU
		{00C48694-D112-47BE-B11C-4DA84E38E4B7}.Debug|x64.ActiveCfg = Debug|Any CPU
		{00C48694-D112-47BE-B11C-4DA84E38E4B7}.Debug|x64.Build.0 = Debug|Any CPU
		{00C48694-D112-47BE-B11C-4DA84E38E4B7}.Debug|x64.Deploy.0 = Debug|Any CPU
		{00C48694-D112-47BE-B11C-4DA84E38E4B7}.Debug|x86.ActiveCfg = Debug|Any CPU
		{00C48694-D112-47BE-B11C-4DA84E38E4B7}.Debug|x86.Build.0 = Debug|Any CPU
		{00C48694-D112-47BE-B11C-4DA84E38E4B7}.Debug|x86.Deploy.0 = Debug|Any CPU
		{00C48694-D112-47BE-B11C-4DA84E38E4B7}.Release|Any CPU.ActiveCfg = Release|Any CPU
		{00C48694-D112-47BE-B11C-4DA84E38E4B7}.Release|Any CPU.Build.0 = Release|Any CPU
		{00C48694-D112-47BE-B11C-4DA84E38E4B7}.Release|Any CPU.Deploy.0 = Release|Any CPU
		{00C48694-D112-47BE-B11C-4DA84E38E4B7}.Release|ARM.ActiveCfg = Release|Any CPU
		{00C48694-D112-47BE-B11C-4DA84E38E4B7}.Release|ARM.Build.0 = Release|Any CPU
		{00C48694-D112-47BE-B11C-4DA84E38E4B7}.Release|ARM.Deploy.0 = Release|Any CPU
		{00C48694-D112-47BE-B11C-4DA84E38E4B7}.Release|iPhone.ActiveCfg = Release|Any CPU
		{00C48694-D112-47BE-B11C-4DA84E38E4B7}.Release|iPhone.Build.0 = Release|Any CPU
		{00C48694-D112-47BE-B11C-4DA84E38E4B7}.Release|iPhone.Deploy.0 = Release|Any CPU
		{00C48694-D112-47BE-B11C-4DA84E38E4B7}.Release|iPhoneSimulator.ActiveCfg = Release|Any CPU
		{00C48694-D112-47BE-B11C-4DA84E38E4B7}.Release|iPhoneSimulator.Build.0 = Release|Any CPU
		{00C48694-D112-47BE-B11C-4DA84E38E4B7}.Release|iPhoneSimulator.Deploy.0 = Release|Any CPU
		{00C48694-D112-47BE-B11C-4DA84E38E4B7}.Release|x64.ActiveCfg = Release|Any CPU
		{00C48694-D112-47BE-B11C-4DA84E38E4B7}.Release|x64.Build.0 = Release|Any CPU
		{00C48694-D112-47BE-B11C-4DA84E38E4B7}.Release|x64.Deploy.0 = Release|Any CPU
		{00C48694-D112-47BE-B11C-4DA84E38E4B7}.Release|x86.ActiveCfg = Release|Any CPU
		{00C48694-D112-47BE-B11C-4DA84E38E4B7}.Release|x86.Build.0 = Release|Any CPU
		{00C48694-D112-47BE-B11C-4DA84E38E4B7}.Release|x86.Deploy.0 = Release|Any CPU
		{8024EA52-0676-493C-ABA2-065B98BCECEA}.Debug|Any CPU.ActiveCfg = Debug|iPhone
		{8024EA52-0676-493C-ABA2-065B98BCECEA}.Debug|Any CPU.Build.0 = Debug|iPhone
		{8024EA52-0676-493C-ABA2-065B98BCECEA}.Debug|Any CPU.Deploy.0 = Debug|iPhone
		{8024EA52-0676-493C-ABA2-065B98BCECEA}.Debug|ARM.ActiveCfg = Debug|iPhone
		{8024EA52-0676-493C-ABA2-065B98BCECEA}.Debug|ARM.Build.0 = Debug|iPhone
		{8024EA52-0676-493C-ABA2-065B98BCECEA}.Debug|ARM.Deploy.0 = Debug|iPhone
		{8024EA52-0676-493C-ABA2-065B98BCECEA}.Debug|iPhone.ActiveCfg = Debug|iPhone
		{8024EA52-0676-493C-ABA2-065B98BCECEA}.Debug|iPhone.Build.0 = Debug|iPhone
		{8024EA52-0676-493C-ABA2-065B98BCECEA}.Debug|iPhone.Deploy.0 = Debug|iPhone
		{8024EA52-0676-493C-ABA2-065B98BCECEA}.Debug|iPhoneSimulator.ActiveCfg = Debug|iPhoneSimulator
		{8024EA52-0676-493C-ABA2-065B98BCECEA}.Debug|iPhoneSimulator.Build.0 = Debug|iPhoneSimulator
		{8024EA52-0676-493C-ABA2-065B98BCECEA}.Debug|iPhoneSimulator.Deploy.0 = Debug|iPhoneSimulator
		{8024EA52-0676-493C-ABA2-065B98BCECEA}.Debug|x64.ActiveCfg = Debug|iPhone
		{8024EA52-0676-493C-ABA2-065B98BCECEA}.Debug|x64.Build.0 = Debug|iPhone
		{8024EA52-0676-493C-ABA2-065B98BCECEA}.Debug|x64.Deploy.0 = Debug|iPhone
		{8024EA52-0676-493C-ABA2-065B98BCECEA}.Debug|x86.ActiveCfg = Debug|iPhone
		{8024EA52-0676-493C-ABA2-065B98BCECEA}.Debug|x86.Build.0 = Debug|iPhone
		{8024EA52-0676-493C-ABA2-065B98BCECEA}.Debug|x86.Deploy.0 = Debug|iPhone
		{8024EA52-0676-493C-ABA2-065B98BCECEA}.Release|Any CPU.ActiveCfg = Release|iPhone
		{8024EA52-0676-493C-ABA2-065B98BCECEA}.Release|Any CPU.Build.0 = Release|iPhone
		{8024EA52-0676-493C-ABA2-065B98BCECEA}.Release|Any CPU.Deploy.0 = Release|iPhone
		{8024EA52-0676-493C-ABA2-065B98BCECEA}.Release|ARM.ActiveCfg = Release|iPhone
		{8024EA52-0676-493C-ABA2-065B98BCECEA}.Release|ARM.Build.0 = Release|iPhone
		{8024EA52-0676-493C-ABA2-065B98BCECEA}.Release|ARM.Deploy.0 = Release|iPhone
		{8024EA52-0676-493C-ABA2-065B98BCECEA}.Release|iPhone.ActiveCfg = Release|iPhone
		{8024EA52-0676-493C-ABA2-065B98BCECEA}.Release|iPhone.Build.0 = Release|iPhone
		{8024EA52-0676-493C-ABA2-065B98BCECEA}.Release|iPhone.Deploy.0 = Release|iPhone
		{8024EA52-0676-493C-ABA2-065B98BCECEA}.Release|iPhoneSimulator.ActiveCfg = Release|iPhoneSimulator
		{8024EA52-0676-493C-ABA2-065B98BCECEA}.Release|iPhoneSimulator.Build.0 = Release|iPhoneSimulator
		{8024EA52-0676-493C-ABA2-065B98BCECEA}.Release|iPhoneSimulator.Deploy.0 = Release|iPhoneSimulator
		{8024EA52-0676-493C-ABA2-065B98BCECEA}.Release|x64.ActiveCfg = Release|iPhone
		{8024EA52-0676-493C-ABA2-065B98BCECEA}.Release|x64.Build.0 = Release|iPhone
		{8024EA52-0676-493C-ABA2-065B98BCECEA}.Release|x64.Deploy.0 = Release|iPhone
		{8024EA52-0676-493C-ABA2-065B98BCECEA}.Release|x86.ActiveCfg = Release|iPhone
		{8024EA52-0676-493C-ABA2-065B98BCECEA}.Release|x86.Build.0 = Release|iPhone
		{8024EA52-0676-493C-ABA2-065B98BCECEA}.Release|x86.Deploy.0 = Release|iPhone
		{66D0E395-D85D-447D-A6D1-47D677C1343A}.Debug|Any CPU.ActiveCfg = Debug|Any CPU
		{66D0E395-D85D-447D-A6D1-47D677C1343A}.Debug|Any CPU.Build.0 = Debug|Any CPU
		{66D0E395-D85D-447D-A6D1-47D677C1343A}.Debug|Any CPU.Deploy.0 = Debug|Any CPU
		{66D0E395-D85D-447D-A6D1-47D677C1343A}.Debug|ARM.ActiveCfg = Debug|Any CPU
		{66D0E395-D85D-447D-A6D1-47D677C1343A}.Debug|ARM.Build.0 = Debug|Any CPU
		{66D0E395-D85D-447D-A6D1-47D677C1343A}.Debug|ARM.Deploy.0 = Debug|Any CPU
		{66D0E395-D85D-447D-A6D1-47D677C1343A}.Debug|iPhone.ActiveCfg = Debug|Any CPU
		{66D0E395-D85D-447D-A6D1-47D677C1343A}.Debug|iPhone.Build.0 = Debug|Any CPU
		{66D0E395-D85D-447D-A6D1-47D677C1343A}.Debug|iPhone.Deploy.0 = Debug|Any CPU
		{66D0E395-D85D-447D-A6D1-47D677C1343A}.Debug|iPhoneSimulator.ActiveCfg = Debug|Any CPU
		{66D0E395-D85D-447D-A6D1-47D677C1343A}.Debug|iPhoneSimulator.Build.0 = Debug|Any CPU
		{66D0E395-D85D-447D-A6D1-47D677C1343A}.Debug|iPhoneSimulator.Deploy.0 = Debug|Any CPU
		{66D0E395-D85D-447D-A6D1-47D677C1343A}.Debug|x64.ActiveCfg = Debug|Any CPU
		{66D0E395-D85D-447D-A6D1-47D677C1343A}.Debug|x64.Build.0 = Debug|Any CPU
		{66D0E395-D85D-447D-A6D1-47D677C1343A}.Debug|x64.Deploy.0 = Debug|Any CPU
		{66D0E395-D85D-447D-A6D1-47D677C1343A}.Debug|x86.ActiveCfg = Debug|Any CPU
		{66D0E395-D85D-447D-A6D1-47D677C1343A}.Debug|x86.Build.0 = Debug|Any CPU
		{66D0E395-D85D-447D-A6D1-47D677C1343A}.Debug|x86.Deploy.0 = Debug|Any CPU
		{66D0E395-D85D-447D-A6D1-47D677C1343A}.Release|Any CPU.ActiveCfg = Release|Any CPU
		{66D0E395-D85D-447D-A6D1-47D677C1343A}.Release|Any CPU.Build.0 = Release|Any CPU
		{66D0E395-D85D-447D-A6D1-47D677C1343A}.Release|Any CPU.Deploy.0 = Release|Any CPU
		{66D0E395-D85D-447D-A6D1-47D677C1343A}.Release|ARM.ActiveCfg = Release|Any CPU
		{66D0E395-D85D-447D-A6D1-47D677C1343A}.Release|ARM.Build.0 = Release|Any CPU
		{66D0E395-D85D-447D-A6D1-47D677C1343A}.Release|ARM.Deploy.0 = Release|Any CPU
		{66D0E395-D85D-447D-A6D1-47D677C1343A}.Release|iPhone.ActiveCfg = Release|Any CPU
		{66D0E395-D85D-447D-A6D1-47D677C1343A}.Release|iPhone.Build.0 = Release|Any CPU
		{66D0E395-D85D-447D-A6D1-47D677C1343A}.Release|iPhone.Deploy.0 = Release|Any CPU
		{66D0E395-D85D-447D-A6D1-47D677C1343A}.Release|iPhoneSimulator.ActiveCfg = Release|Any CPU
		{66D0E395-D85D-447D-A6D1-47D677C1343A}.Release|iPhoneSimulator.Build.0 = Release|Any CPU
		{66D0E395-D85D-447D-A6D1-47D677C1343A}.Release|iPhoneSimulator.Deploy.0 = Release|Any CPU
		{66D0E395-D85D-447D-A6D1-47D677C1343A}.Release|x64.ActiveCfg = Release|Any CPU
		{66D0E395-D85D-447D-A6D1-47D677C1343A}.Release|x64.Build.0 = Release|Any CPU
		{66D0E395-D85D-447D-A6D1-47D677C1343A}.Release|x64.Deploy.0 = Release|Any CPU
		{66D0E395-D85D-447D-A6D1-47D677C1343A}.Release|x86.ActiveCfg = Release|Any CPU
		{66D0E395-D85D-447D-A6D1-47D677C1343A}.Release|x86.Build.0 = Release|Any CPU
		{66D0E395-D85D-447D-A6D1-47D677C1343A}.Release|x86.Deploy.0 = Release|Any CPU
	EndGlobalSection
	GlobalSection(SolutionProperties) = preSolution
		HideSolutionNode = FALSE
	EndGlobalSection
	GlobalSection(ExtensibilityGlobals) = postSolution
		SolutionGuid = {F408BAA4-6DC6-45C4-88BF-63AF7151BB68}
	EndGlobalSection
EndGlobal
